
Microsoft Visual Studio Solution File, Format Version 12.00
# Visual Studio Version 16
VisualStudioVersion = 16.0.31105.61
MinimumVisualStudioVersion = 10.0.40219.1
Project("{9A19103F-16F7-4668-BE54-9A1E7A4F7556}") = "Planteskole.Domain", "Planteskole.Domain\Planteskole.Domain.csproj", "{1FFBD90B-06EB-4D90-96B8-5CBA75A1F597}"
EndProject
Project("{9A19103F-16F7-4668-BE54-9A1E7A4F7556}") = "PlanteskoleGUI", "PlanteskoleGUI\PlanteskoleGUI.csproj", "{D6399075-1B7E-41C2-A72C-AC49699DD915}"
EndProject
Project("{9A19103F-16F7-4668-BE54-9A1E7A4F7556}") = "Planteskole.EntityFramework", "Planteskole.EntityFramework\Planteskole.EntityFramework.csproj", "{9C837DE2-DF2E-4CA5-9319-33F0C9C63719}"
EndProject
Project("{FAE04EC0-301F-11D3-BF4B-00C04F79EFBC}") = "ConsoleApp3", "ConsoleApp3\ConsoleApp3.csproj", "{231BA57B-AB09-44B5-A93D-3A10CCFFF299}"
EndProject
Global
	GlobalSection(SolutionConfigurationPlatforms) = preSolution
		Debug|Any CPU = Debug|Any CPU
		Release|Any CPU = Release|Any CPU
	EndGlobalSection
	GlobalSection(ProjectConfigurationPlatforms) = postSolution
		{1FFBD90B-06EB-4D90-96B8-5CBA75A1F597}.Debug|Any CPU.ActiveCfg = Debug|Any CPU
		{1FFBD90B-06EB-4D90-96B8-5CBA75A1F597}.Debug|Any CPU.Build.0 = Debug|Any CPU
		{1FFBD90B-06EB-4D90-96B8-5CBA75A1F597}.Release|Any CPU.ActiveCfg = Release|Any CPU
		{1FFBD90B-06EB-4D90-96B8-5CBA75A1F597}.Release|Any CPU.Build.0 = Release|Any CPU
		{D6399075-1B7E-41C2-A72C-AC49699DD915}.Debug|Any CPU.ActiveCfg = Debug|Any CPU
		{D6399075-1B7E-41C2-A72C-AC49699DD915}.Debug|Any CPU.Build.0 = Debug|Any CPU
		{D6399075-1B7E-41C2-A72C-AC49699DD915}.Release|Any CPU.ActiveCfg = Release|Any CPU
		{D6399075-1B7E-41C2-A72C-AC49699DD915}.Release|Any CPU.Build.0 = Release|Any CPU
		{9C837DE2-DF2E-4CA5-9319-33F0C9C63719}.Debug|Any CPU.ActiveCfg = Debug|Any CPU
		{9C837DE2-DF2E-4CA5-9319-33F0C9C63719}.Debug|Any CPU.Build.0 = Debug|Any CPU
		{9C837DE2-DF2E-4CA5-9319-33F0C9C63719}.Release|Any CPU.ActiveCfg = Release|Any CPU
		{9C837DE2-DF2E-4CA5-9319-33F0C9C63719}.Release|Any CPU.Build.0 = Release|Any CPU
		{231BA57B-AB09-44B5-A93D-3A10CCFFF299}.Debug|Any CPU.ActiveCfg = Debug|Any CPU
		{231BA57B-AB09-44B5-A93D-3A10CCFFF299}.Debug|Any CPU.Build.0 = Debug|Any CPU
		{231BA57B-AB09-44B5-A93D-3A10CCFFF299}.Release|Any CPU.ActiveCfg = Release|Any CPU
		{231BA57B-AB09-44B5-A93D-3A10CCFFF299}.Release|Any CPU.Build.0 = Release|Any CPU
	EndGlobalSection
	GlobalSection(SolutionProperties) = preSolution
		HideSolutionNode = FALSE
	EndGlobalSection
	GlobalSection(ExtensibilityGlobals) = postSolution
		SolutionGuid = {38BA90CC-C337-4497-B392-34A1D6A39B7A}
	EndGlobalSection
EndGlobal
