
Microsoft Visual Studio Solution File, Format Version 12.00
# Visual Studio Version 16
VisualStudioVersion = 16.0.31105.61
MinimumVisualStudioVersion = 10.0.40219.1
Project("{FAE04EC0-301F-11D3-BF4B-00C04F79EFBC}") = "WpfApp1", "WpfApp1\WpfApp1.csproj", "{950B19A7-4302-4305-BC7B-D3BBD79C31CE}"
EndProject
Global
	GlobalSection(SolutionConfigurationPlatforms) = preSolution
		Debug|Any CPU = Debug|Any CPU
		Release|Any CPU = Release|Any CPU
	EndGlobalSection
	GlobalSection(ProjectConfigurationPlatforms) = postSolution
		{950B19A7-4302-4305-BC7B-D3BBD79C31CE}.Debug|Any CPU.ActiveCfg = Debug|Any CPU
		{950B19A7-4302-4305-BC7B-D3BBD79C31CE}.Debug|Any CPU.Build.0 = Debug|Any CPU
		{950B19A7-4302-4305-BC7B-D3BBD79C31CE}.Release|Any CPU.ActiveCfg = Release|Any CPU
		{950B19A7-4302-4305-BC7B-D3BBD79C31CE}.Release|Any CPU.Build.0 = Release|Any CPU
	EndGlobalSection
	GlobalSection(SolutionProperties) = preSolution
		HideSolutionNode = FALSE
	EndGlobalSection
	GlobalSection(ExtensibilityGlobals) = postSolution
		SolutionGuid = {38BA90CC-C337-4497-B392-34A1D6A39B7A}
	EndGlobalSection
EndGlobal
